
Microsoft Visual Studio Solution File, Format Version 12.00
# Visual Studio 15
VisualStudioVersion = 15.0.27428.2011
MinimumVisualStudioVersion = 10.0.40219.1
Project("{8BC9CEB8-8B4A-11D0-8D11-00A0C91BC942}") = "SQLClient", "SQLClient\SQLClient.vcxproj", "{1EB53964-4098-45D8-8FCB-25F49D923DD0}"
EndProject
Global
	GlobalSection(SolutionConfigurationPlatforms) = preSolution
		Debug|x64 = Debug|x64
		Debug|x86 = Debug|x86
		Release|x64 = Release|x64
		Release|x86 = Release|x86
	EndGlobalSection
	GlobalSection(ProjectConfigurationPlatforms) = postSolution
		{1EB53964-4098-45D8-8FCB-25F49D923DD0}.Debug|x64.ActiveCfg = Debug|x64
		{1EB53964-4098-45D8-8FCB-25F49D923DD0}.Debug|x64.Build.0 = Debug|x64
		{1EB53964-4098-45D8-8FCB-25F49D923DD0}.Debug|x86.ActiveCfg = Debug|Win32
		{1EB53964-4098-45D8-8FCB-25F49D923DD0}.Debug|x86.Build.0 = Debug|Win32
		{1EB53964-4098-45D8-8FCB-25F49D923DD0}.Release|x64.ActiveCfg = Release|x64
		{1EB53964-4098-45D8-8FCB-25F49D923DD0}.Release|x64.Build.0 = Release|x64
		{1EB53964-4098-45D8-8FCB-25F49D923DD0}.Release|x86.ActiveCfg = Release|Win32
		{1EB53964-4098-45D8-8FCB-25F49D923DD0}.Release|x86.Build.0 = Release|Win32
	EndGlobalSection
	GlobalSection(SolutionProperties) = preSolution
		HideSolutionNode = FALSE
	EndGlobalSection
	GlobalSection(ExtensibilityGlobals) = postSolution
		SolutionGuid = {1227373C-C1BB-4448-A2CA-52B652DF4997}
	EndGlobalSection
EndGlobal
